
Microsoft Visual Studio Solution File, Format Version 12.00
# Visual Studio 15
VisualStudioVersion = 15.0.26228.9
MinimumVisualStudioVersion = 10.0.40219.1
Project("{FAE04EC0-301F-11D3-BF4B-00C04F79EFBC}") = "Northwinder.Droid", "Northwinder\Northwinder.Droid\Northwinder.Droid.csproj", "{9333A511-04AD-4D92-8663-B5A46AEA2174}"
EndProject
Project("{FAE04EC0-301F-11D3-BF4B-00C04F79EFBC}") = "Northwinder.iOS", "Northwinder\Northwinder.iOS\Northwinder.iOS.csproj", "{BAFE4CAC-F8E8-44F8-BB58-80754727DAF5}"
EndProject
Project("{FAE04EC0-301F-11D3-BF4B-00C04F79EFBC}") = "NorthwinderCommon", "NorthwinderCommon\NorthwinderCommon.csproj", "{F14A5973-9265-441E-9135-13D287305BE5}"
EndProject
Global
	GlobalSection(SolutionConfigurationPlatforms) = preSolution
		Ad-Hoc|Any CPU = Ad-Hoc|Any CPU
		Ad-Hoc|ARM = Ad-Hoc|ARM
		Ad-Hoc|iPhone = Ad-Hoc|iPhone
		Ad-Hoc|iPhoneSimulator = Ad-Hoc|iPhoneSimulator
		Ad-Hoc|x64 = Ad-Hoc|x64
		Ad-Hoc|x86 = Ad-Hoc|x86
		AppStore|Any CPU = AppStore|Any CPU
		AppStore|ARM = AppStore|ARM
		AppStore|iPhone = AppStore|iPhone
		AppStore|iPhoneSimulator = AppStore|iPhoneSimulator
		AppStore|x64 = AppStore|x64
		AppStore|x86 = AppStore|x86
		Debug|Any CPU = Debug|Any CPU
		Debug|ARM = Debug|ARM
		Debug|iPhone = Debug|iPhone
		Debug|iPhoneSimulator = Debug|iPhoneSimulator
		Debug|x64 = Debug|x64
		Debug|x86 = Debug|x86
		Release|Any CPU = Release|Any CPU
		Release|ARM = Release|ARM
		Release|iPhone = Release|iPhone
		Release|iPhoneSimulator = Release|iPhoneSimulator
		Release|x64 = Release|x64
		Release|x86 = Release|x86
	EndGlobalSection
	GlobalSection(ProjectConfigurationPlatforms) = postSolution
		{9333A511-04AD-4D92-8663-B5A46AEA2174}.Ad-Hoc|Any CPU.ActiveCfg = Release|Any CPU
		{9333A511-04AD-4D92-8663-B5A46AEA2174}.Ad-Hoc|Any CPU.Build.0 = Release|Any CPU
		{9333A511-04AD-4D92-8663-B5A46AEA2174}.Ad-Hoc|Any CPU.Deploy.0 = Release|Any CPU
		{9333A511-04AD-4D92-8663-B5A46AEA2174}.Ad-Hoc|ARM.ActiveCfg = Release|Any CPU
		{9333A511-04AD-4D92-8663-B5A46AEA2174}.Ad-Hoc|ARM.Build.0 = Release|Any CPU
		{9333A511-04AD-4D92-8663-B5A46AEA2174}.Ad-Hoc|ARM.Deploy.0 = Release|Any CPU
		{9333A511-04AD-4D92-8663-B5A46AEA2174}.Ad-Hoc|iPhone.ActiveCfg = Release|Any CPU
		{9333A511-04AD-4D92-8663-B5A46AEA2174}.Ad-Hoc|iPhone.Build.0 = Release|Any CPU
		{9333A511-04AD-4D92-8663-B5A46AEA2174}.Ad-Hoc|iPhone.Deploy.0 = Release|Any CPU
		{9333A511-04AD-4D92-8663-B5A46AEA2174}.Ad-Hoc|iPhoneSimulator.ActiveCfg = Release|Any CPU
		{9333A511-04AD-4D92-8663-B5A46AEA2174}.Ad-Hoc|iPhoneSimulator.Build.0 = Release|Any CPU
		{9333A511-04AD-4D92-8663-B5A46AEA2174}.Ad-Hoc|iPhoneSimulator.Deploy.0 = Release|Any CPU
		{9333A511-04AD-4D92-8663-B5A46AEA2174}.Ad-Hoc|x64.ActiveCfg = Release|Any CPU
		{9333A511-04AD-4D92-8663-B5A46AEA2174}.Ad-Hoc|x64.Build.0 = Release|Any CPU
		{9333A511-04AD-4D92-8663-B5A46AEA2174}.Ad-Hoc|x64.Deploy.0 = Release|Any CPU
		{9333A511-04AD-4D92-8663-B5A46AEA2174}.Ad-Hoc|x86.ActiveCfg = Release|Any CPU
		{9333A511-04AD-4D92-8663-B5A46AEA2174}.Ad-Hoc|x86.Build.0 = Release|Any CPU
		{9333A511-04AD-4D92-8663-B5A46AEA2174}.Ad-Hoc|x86.Deploy.0 = Release|Any CPU
		{9333A511-04AD-4D92-8663-B5A46AEA2174}.AppStore|Any CPU.ActiveCfg = Release|Any CPU
		{9333A511-04AD-4D92-8663-B5A46AEA2174}.AppStore|Any CPU.Build.0 = Release|Any CPU
		{9333A511-04AD-4D92-8663-B5A46AEA2174}.AppStore|Any CPU.Deploy.0 = Release|Any CPU
		{9333A511-04AD-4D92-8663-B5A46AEA2174}.AppStore|ARM.ActiveCfg = Release|Any CPU
		{9333A511-04AD-4D92-8663-B5A46AEA2174}.AppStore|ARM.Build.0 = Release|Any CPU
		{9333A511-04AD-4D92-8663-B5A46AEA2174}.AppStore|ARM.Deploy.0 = Release|Any CPU
		{9333A511-04AD-4D92-8663-B5A46AEA2174}.AppStore|iPhone.ActiveCfg = Release|Any CPU
		{9333A511-04AD-4D92-8663-B5A46AEA2174}.AppStore|iPhone.Build.0 = Release|Any CPU
		{9333A511-04AD-4D92-8663-B5A46AEA2174}.AppStore|iPhone.Deploy.0 = Release|Any CPU
		{9333A511-04AD-4D92-8663-B5A46AEA2174}.AppStore|iPhoneSimulator.ActiveCfg = Release|Any CPU
		{9333A511-04AD-4D92-8663-B5A46AEA2174}.AppStore|iPhoneSimulator.Build.0 = Release|Any CPU
		{9333A511-04AD-4D92-8663-B5A46AEA2174}.AppStore|iPhoneSimulator.Deploy.0 = Release|Any CPU
		{9333A511-04AD-4D92-8663-B5A46AEA2174}.AppStore|x64.ActiveCfg = Release|Any CPU
		{9333A511-04AD-4D92-8663-B5A46AEA2174}.AppStore|x64.Build.0 = Release|Any CPU
		{9333A511-04AD-4D92-8663-B5A46AEA2174}.AppStore|x64.Deploy.0 = Release|Any CPU
		{9333A511-04AD-4D92-8663-B5A46AEA2174}.AppStore|x86.ActiveCfg = Release|Any CPU
		{9333A511-04AD-4D92-8663-B5A46AEA2174}.AppStore|x86.Build.0 = Release|Any CPU
		{9333A511-04AD-4D92-8663-B5A46AEA2174}.AppStore|x86.Deploy.0 = Release|Any CPU
		{9333A511-04AD-4D92-8663-B5A46AEA2174}.Debug|Any CPU.ActiveCfg = Debug|Any CPU
		{9333A511-04AD-4D92-8663-B5A46AEA2174}.Debug|Any CPU.Build.0 = Debug|Any CPU
		{9333A511-04AD-4D92-8663-B5A46AEA2174}.Debug|Any CPU.Deploy.0 = Debug|Any CPU
		{9333A511-04AD-4D92-8663-B5A46AEA2174}.Debug|ARM.ActiveCfg = Debug|Any CPU
		{9333A511-04AD-4D92-8663-B5A46AEA2174}.Debug|ARM.Build.0 = Debug|Any CPU
		{9333A511-04AD-4D92-8663-B5A46AEA2174}.Debug|ARM.Deploy.0 = Debug|Any CPU
		{9333A511-04AD-4D92-8663-B5A46AEA2174}.Debug|iPhone.ActiveCfg = Debug|Any CPU
		{9333A511-04AD-4D92-8663-B5A46AEA2174}.Debug|iPhone.Build.0 = Debug|Any CPU
		{9333A511-04AD-4D92-8663-B5A46AEA2174}.Debug|iPhone.Deploy.0 = Debug|Any CPU
		{9333A511-04AD-4D92-8663-B5A46AEA2174}.Debug|iPhoneSimulator.ActiveCfg = Debug|Any CPU
		{9333A511-04AD-4D92-8663-B5A46AEA2174}.Debug|iPhoneSimulator.Build.0 = Debug|Any CPU
		{9333A511-04AD-4D92-8663-B5A46AEA2174}.Debug|iPhoneSimulator.Deploy.0 = Debug|Any CPU
		{9333A511-04AD-4D92-8663-B5A46AEA2174}.Debug|x64.ActiveCfg = Debug|Any CPU
		{9333A511-04AD-4D92-8663-B5A46AEA2174}.Debug|x64.Build.0 = Debug|Any CPU
		{9333A511-04AD-4D92-8663-B5A46AEA2174}.Debug|x64.Deploy.0 = Debug|Any CPU
		{9333A511-04AD-4D92-8663-B5A46AEA2174}.Debug|x86.ActiveCfg = Debug|Any CPU
		{9333A511-04AD-4D92-8663-B5A46AEA2174}.Debug|x86.Build.0 = Debug|Any CPU
		{9333A511-04AD-4D92-8663-B5A46AEA2174}.Debug|x86.Deploy.0 = Debug|Any CPU
		{9333A511-04AD-4D92-8663-B5A46AEA2174}.Release|Any CPU.ActiveCfg = Release|Any CPU
		{9333A511-04AD-4D92-8663-B5A46AEA2174}.Release|Any CPU.Build.0 = Release|Any CPU
		{9333A511-04AD-4D92-8663-B5A46AEA2174}.Release|Any CPU.Deploy.0 = Release|Any CPU
		{9333A511-04AD-4D92-8663-B5A46AEA2174}.Release|ARM.ActiveCfg = Release|Any CPU
		{9333A511-04AD-4D92-8663-B5A46AEA2174}.Release|ARM.Build.0 = Release|Any CPU
		{9333A511-04AD-4D92-8663-B5A46AEA2174}.Release|ARM.Deploy.0 = Release|Any CPU
		{9333A511-04AD-4D92-8663-B5A46AEA2174}.Release|iPhone.ActiveCfg = Release|Any CPU
		{9333A511-04AD-4D92-8663-B5A46AEA2174}.Release|iPhone.Build.0 = Release|Any CPU
		{9333A511-04AD-4D92-8663-B5A46AEA2174}.Release|iPhone.Deploy.0 = Release|Any CPU
		{9333A511-04AD-4D92-8663-B5A46AEA2174}.Release|iPhoneSimulator.ActiveCfg = Release|Any CPU
		{9333A511-04AD-4D92-8663-B5A46AEA2174}.Release|iPhoneSimulator.Build.0 = Release|Any CPU
		{9333A511-04AD-4D92-8663-B5A46AEA2174}.Release|iPhoneSimulator.Deploy.0 = Release|Any CPU
		{9333A511-04AD-4D92-8663-B5A46AEA2174}.Release|x64.ActiveCfg = Release|Any CPU
		{9333A511-04AD-4D92-8663-B5A46AEA2174}.Release|x64.Build.0 = Release|Any CPU
		{9333A511-04AD-4D92-8663-B5A46AEA2174}.Release|x64.Deploy.0 = Release|Any CPU
		{9333A511-04AD-4D92-8663-B5A46AEA2174}.Release|x86.ActiveCfg = Release|Any CPU
		{9333A511-04AD-4D92-8663-B5A46AEA2174}.Release|x86.Build.0 = Release|Any CPU
		{9333A511-04AD-4D92-8663-B5A46AEA2174}.Release|x86.Deploy.0 = Release|Any CPU
		{BAFE4CAC-F8E8-44F8-BB58-80754727DAF5}.Ad-Hoc|Any CPU.ActiveCfg = Ad-Hoc|iPhone
		{BAFE4CAC-F8E8-44F8-BB58-80754727DAF5}.Ad-Hoc|ARM.ActiveCfg = Ad-Hoc|iPhone
		{BAFE4CAC-F8E8-44F8-BB58-80754727DAF5}.Ad-Hoc|iPhone.ActiveCfg = Ad-Hoc|iPhone
		{BAFE4CAC-F8E8-44F8-BB58-80754727DAF5}.Ad-Hoc|iPhone.Build.0 = Ad-Hoc|iPhone
		{BAFE4CAC-F8E8-44F8-BB58-80754727DAF5}.Ad-Hoc|iPhoneSimulator.ActiveCfg = Ad-Hoc|iPhoneSimulator
		{BAFE4CAC-F8E8-44F8-BB58-80754727DAF5}.Ad-Hoc|iPhoneSimulator.Build.0 = Ad-Hoc|iPhoneSimulator
		{BAFE4CAC-F8E8-44F8-BB58-80754727DAF5}.Ad-Hoc|x64.ActiveCfg = Ad-Hoc|iPhone
		{BAFE4CAC-F8E8-44F8-BB58-80754727DAF5}.Ad-Hoc|x86.ActiveCfg = Ad-Hoc|iPhone
		{BAFE4CAC-F8E8-44F8-BB58-80754727DAF5}.AppStore|Any CPU.ActiveCfg = AppStore|iPhone
		{BAFE4CAC-F8E8-44F8-BB58-80754727DAF5}.AppStore|ARM.ActiveCfg = AppStore|iPhone
		{BAFE4CAC-F8E8-44F8-BB58-80754727DAF5}.AppStore|iPhone.ActiveCfg = AppStore|iPhone
		{BAFE4CAC-F8E8-44F8-BB58-80754727DAF5}.AppStore|iPhone.Build.0 = AppStore|iPhone
		{BAFE4CAC-F8E8-44F8-BB58-80754727DAF5}.AppStore|iPhoneSimulator.ActiveCfg = AppStore|iPhoneSimulator
		{BAFE4CAC-F8E8-44F8-BB58-80754727DAF5}.AppStore|iPhoneSimulator.Build.0 = AppStore|iPhoneSimulator
		{BAFE4CAC-F8E8-44F8-BB58-80754727DAF5}.AppStore|x64.ActiveCfg = AppStore|iPhone
		{BAFE4CAC-F8E8-44F8-BB58-80754727DAF5}.AppStore|x86.ActiveCfg = AppStore|iPhone
		{BAFE4CAC-F8E8-44F8-BB58-80754727DAF5}.Debug|Any CPU.ActiveCfg = Debug|iPhone
		{BAFE4CAC-F8E8-44F8-BB58-80754727DAF5}.Debug|ARM.ActiveCfg = Debug|iPhone
		{BAFE4CAC-F8E8-44F8-BB58-80754727DAF5}.Debug|iPhone.ActiveCfg = Debug|iPhone
		{BAFE4CAC-F8E8-44F8-BB58-80754727DAF5}.Debug|iPhone.Build.0 = Debug|iPhone
		{BAFE4CAC-F8E8-44F8-BB58-80754727DAF5}.Debug|iPhoneSimulator.ActiveCfg = Debug|iPhoneSimulator
		{BAFE4CAC-F8E8-44F8-BB58-80754727DAF5}.Debug|iPhoneSimulator.Build.0 = Debug|iPhoneSimulator
		{BAFE4CAC-F8E8-44F8-BB58-80754727DAF5}.Debug|x64.ActiveCfg = Debug|iPhone
		{BAFE4CAC-F8E8-44F8-BB58-80754727DAF5}.Debug|x86.ActiveCfg = Debug|iPhone
		{BAFE4CAC-F8E8-44F8-BB58-80754727DAF5}.Release|Any CPU.ActiveCfg = Release|iPhone
		{BAFE4CAC-F8E8-44F8-BB58-80754727DAF5}.Release|ARM.ActiveCfg = Release|iPhone
		{BAFE4CAC-F8E8-44F8-BB58-80754727DAF5}.Release|iPhone.ActiveCfg = Release|iPhone
		{BAFE4CAC-F8E8-44F8-BB58-80754727DAF5}.Release|iPhone.Build.0 = Release|iPhone
		{BAFE4CAC-F8E8-44F8-BB58-80754727DAF5}.Release|iPhoneSimulator.ActiveCfg = Release|iPhoneSimulator
		{BAFE4CAC-F8E8-44F8-BB58-80754727DAF5}.Release|iPhoneSimulator.Build.0 = Release|iPhoneSimulator
		{BAFE4CAC-F8E8-44F8-BB58-80754727DAF5}.Release|x64.ActiveCfg = Release|iPhone
		{BAFE4CAC-F8E8-44F8-BB58-80754727DAF5}.Release|x86.ActiveCfg = Release|iPhone
		{F14A5973-9265-441E-9135-13D287305BE5}.Ad-Hoc|Any CPU.ActiveCfg = Release|Any CPU
		{F14A5973-9265-441E-9135-13D287305BE5}.Ad-Hoc|Any CPU.Build.0 = Release|Any CPU
		{F14A5973-9265-441E-9135-13D287305BE5}.Ad-Hoc|ARM.ActiveCfg = Release|Any CPU
		{F14A5973-9265-441E-9135-13D287305BE5}.Ad-Hoc|ARM.Build.0 = Release|Any CPU
		{F14A5973-9265-441E-9135-13D287305BE5}.Ad-Hoc|iPhone.ActiveCfg = Release|Any CPU
		{F14A5973-9265-441E-9135-13D287305BE5}.Ad-Hoc|iPhone.Build.0 = Release|Any CPU
		{F14A5973-9265-441E-9135-13D287305BE5}.Ad-Hoc|iPhoneSimulator.ActiveCfg = Release|Any CPU
		{F14A5973-9265-441E-9135-13D287305BE5}.Ad-Hoc|iPhoneSimulator.Build.0 = Release|Any CPU
		{F14A5973-9265-441E-9135-13D287305BE5}.Ad-Hoc|x64.ActiveCfg = Release|Any CPU
		{F14A5973-9265-441E-9135-13D287305BE5}.Ad-Hoc|x64.Build.0 = Release|Any CPU
		{F14A5973-9265-441E-9135-13D287305BE5}.Ad-Hoc|x86.ActiveCfg = Release|Any CPU
		{F14A5973-9265-441E-9135-13D287305BE5}.Ad-Hoc|x86.Build.0 = Release|Any CPU
		{F14A5973-9265-441E-9135-13D287305BE5}.AppStore|Any CPU.ActiveCfg = Release|Any CPU
		{F14A5973-9265-441E-9135-13D287305BE5}.AppStore|Any CPU.Build.0 = Release|Any CPU
		{F14A5973-9265-441E-9135-13D287305BE5}.AppStore|ARM.ActiveCfg = Release|Any CPU
		{F14A5973-9265-441E-9135-13D287305BE5}.AppStore|ARM.Build.0 = Release|Any CPU
		{F14A5973-9265-441E-9135-13D287305BE5}.AppStore|iPhone.ActiveCfg = Release|Any CPU
		{F14A5973-9265-441E-9135-13D287305BE5}.AppStore|iPhone.Build.0 = Release|Any CPU
		{F14A5973-9265-441E-9135-13D287305BE5}.AppStore|iPhoneSimulator.ActiveCfg = Release|Any CPU
		{F14A5973-9265-441E-9135-13D287305BE5}.AppStore|iPhoneSimulator.Build.0 = Release|Any CPU
		{F14A5973-9265-441E-9135-13D287305BE5}.AppStore|x64.ActiveCfg = Release|Any CPU
		{F14A5973-9265-441E-9135-13D287305BE5}.AppStore|x64.Build.0 = Release|Any CPU
		{F14A5973-9265-441E-9135-13D287305BE5}.AppStore|x86.ActiveCfg = Release|Any CPU
		{F14A5973-9265-441E-9135-13D287305BE5}.AppStore|x86.Build.0 = Release|Any CPU
		{F14A5973-9265-441E-9135-13D287305BE5}.Debug|Any CPU.ActiveCfg = Debug|Any CPU
		{F14A5973-9265-441E-9135-13D287305BE5}.Debug|Any CPU.Build.0 = Debug|Any CPU
		{F14A5973-9265-441E-9135-13D287305BE5}.Debug|ARM.ActiveCfg = Debug|Any CPU
		{F14A5973-9265-441E-9135-13D287305BE5}.Debug|ARM.Build.0 = Debug|Any CPU
		{F14A5973-9265-441E-9135-13D287305BE5}.Debug|iPhone.ActiveCfg = Debug|Any CPU
		{F14A5973-9265-441E-9135-13D287305BE5}.Debug|iPhone.Build.0 = Debug|Any CPU
		{F14A5973-9265-441E-9135-13D287305BE5}.Debug|iPhoneSimulator.ActiveCfg = Debug|Any CPU
		{F14A5973-9265-441E-9135-13D287305BE5}.Debug|iPhoneSimulator.Build.0 = Debug|Any CPU
		{F14A5973-9265-441E-9135-13D287305BE5}.Debug|x64.ActiveCfg = Debug|Any CPU
		{F14A5973-9265-441E-9135-13D287305BE5}.Debug|x64.Build.0 = Debug|Any CPU
		{F14A5973-9265-441E-9135-13D287305BE5}.Debug|x86.ActiveCfg = Debug|Any CPU
		{F14A5973-9265-441E-9135-13D287305BE5}.Debug|x86.Build.0 = Debug|Any CPU
		{F14A5973-9265-441E-9135-13D287305BE5}.Release|Any CPU.ActiveCfg = Release|Any CPU
		{F14A5973-9265-441E-9135-13D287305BE5}.Release|Any CPU.Build.0 = Release|Any CPU
		{F14A5973-9265-441E-9135-13D287305BE5}.Release|ARM.ActiveCfg = Release|Any CPU
		{F14A5973-9265-441E-9135-13D287305BE5}.Release|ARM.Build.0 = Release|Any CPU
		{F14A5973-9265-441E-9135-13D287305BE5}.Release|iPhone.ActiveCfg = Release|Any CPU
		{F14A5973-9265-441E-9135-13D287305BE5}.Release|iPhone.Build.0 = Release|Any CPU
		{F14A5973-9265-441E-9135-13D287305BE5}.Release|iPhoneSimulator.ActiveCfg = Release|Any CPU
		{F14A5973-9265-441E-9135-13D287305BE5}.Release|iPhoneSimulator.Build.0 = Release|Any CPU
		{F14A5973-9265-441E-9135-13D287305BE5}.Release|x64.ActiveCfg = Release|Any CPU
		{F14A5973-9265-441E-9135-13D287305BE5}.Release|x64.Build.0 = Release|Any CPU
		{F14A5973-9265-441E-9135-13D287305BE5}.Release|x86.ActiveCfg = Release|Any CPU
		{F14A5973-9265-441E-9135-13D287305BE5}.Release|x86.Build.0 = Release|Any CPU
	EndGlobalSection
	GlobalSection(SolutionProperties) = preSolution
		HideSolutionNode = FALSE
	EndGlobalSection
EndGlobal
